
Microsoft Visual Studio Solution File, Format Version 12.00
# Visual Studio 15
VisualStudioVersion = 15.0.27130.2027
MinimumVisualStudioVersion = 10.0.40219.1
Project("{9A19103F-16F7-4668-BE54-9A1E7A4F7556}") = "DataModels", "DataLayer\DataModels.csproj", "{09F10EAE-C14C-4DBF-987D-58789B417EFC}"
EndProject
Project("{FAE04EC0-301F-11D3-BF4B-00C04F79EFBC}") = "UILayer", "UILayer\UILayer.csproj", "{BA1F2D86-5083-42B0-94C2-C70CD57A19F1}"
EndProject
Project("{FAE04EC0-301F-11D3-BF4B-00C04F79EFBC}") = "SecurityLayer", "SecurityLayer\SecurityLayer.csproj", "{B7AE268D-B2E3-491B-AE46-4249FA7E2F5B}"
EndProject
Project("{FAE04EC0-301F-11D3-BF4B-00C04F79EFBC}") = "DataAccessLayer", "DataAccessLayer\DataAccessLayer.csproj", "{C00AFA17-131E-4648-8FF0-154F3535F093}"
EndProject
Project("{FAE04EC0-301F-11D3-BF4B-00C04F79EFBC}") = "Kernel", "Kernel\Kernel.csproj", "{09E21E11-35F6-4059-BF75-2DABE7FAD5A6}"
EndProject
Global
	GlobalSection(SolutionConfigurationPlatforms) = preSolution
		Debug|Any CPU = Debug|Any CPU
		Release|Any CPU = Release|Any CPU
	EndGlobalSection
	GlobalSection(ProjectConfigurationPlatforms) = postSolution
		{09F10EAE-C14C-4DBF-987D-58789B417EFC}.Debug|Any CPU.ActiveCfg = Debug|Any CPU
		{09F10EAE-C14C-4DBF-987D-58789B417EFC}.Debug|Any CPU.Build.0 = Debug|Any CPU
		{09F10EAE-C14C-4DBF-987D-58789B417EFC}.Release|Any CPU.ActiveCfg = Release|Any CPU
		{09F10EAE-C14C-4DBF-987D-58789B417EFC}.Release|Any CPU.Build.0 = Release|Any CPU
		{BA1F2D86-5083-42B0-94C2-C70CD57A19F1}.Debug|Any CPU.ActiveCfg = Debug|Any CPU
		{BA1F2D86-5083-42B0-94C2-C70CD57A19F1}.Debug|Any CPU.Build.0 = Debug|Any CPU
		{BA1F2D86-5083-42B0-94C2-C70CD57A19F1}.Release|Any CPU.ActiveCfg = Release|Any CPU
		{BA1F2D86-5083-42B0-94C2-C70CD57A19F1}.Release|Any CPU.Build.0 = Release|Any CPU
		{B7AE268D-B2E3-491B-AE46-4249FA7E2F5B}.Debug|Any CPU.ActiveCfg = Debug|Any CPU
		{B7AE268D-B2E3-491B-AE46-4249FA7E2F5B}.Debug|Any CPU.Build.0 = Debug|Any CPU
		{B7AE268D-B2E3-491B-AE46-4249FA7E2F5B}.Release|Any CPU.ActiveCfg = Release|Any CPU
		{B7AE268D-B2E3-491B-AE46-4249FA7E2F5B}.Release|Any CPU.Build.0 = Release|Any CPU
		{C00AFA17-131E-4648-8FF0-154F3535F093}.Debug|Any CPU.ActiveCfg = Debug|Any CPU
		{C00AFA17-131E-4648-8FF0-154F3535F093}.Debug|Any CPU.Build.0 = Debug|Any CPU
		{C00AFA17-131E-4648-8FF0-154F3535F093}.Release|Any CPU.ActiveCfg = Release|Any CPU
		{C00AFA17-131E-4648-8FF0-154F3535F093}.Release|Any CPU.Build.0 = Release|Any CPU
		{09E21E11-35F6-4059-BF75-2DABE7FAD5A6}.Debug|Any CPU.ActiveCfg = Debug|Any CPU
		{09E21E11-35F6-4059-BF75-2DABE7FAD5A6}.Debug|Any CPU.Build.0 = Debug|Any CPU
		{09E21E11-35F6-4059-BF75-2DABE7FAD5A6}.Release|Any CPU.ActiveCfg = Release|Any CPU
		{09E21E11-35F6-4059-BF75-2DABE7FAD5A6}.Release|Any CPU.Build.0 = Release|Any CPU
	EndGlobalSection
	GlobalSection(SolutionProperties) = preSolution
		HideSolutionNode = FALSE
	EndGlobalSection
	GlobalSection(ExtensibilityGlobals) = postSolution
		SolutionGuid = {5F12A902-7D08-4C7E-9E8E-FDA5E86A7A46}
	EndGlobalSection
EndGlobal
